{
  "nodes": {
    "inner": {
      "locked": {
        "path": "./inner",
        "type": "path"
      },
      "original": {
        "path": "./inner",
        "type": "path"
      },
      "parent": [
        "remote"
      ]
    },
    "local": {
      "locked": {
        "path": "./sub",
        "type": "path"
      },
      "original": {
        "path": "./sub",
        "type": "path"
      },
      "parent": []
    },
    "remote": {
      "inputs": {
        "inner": "inner"
      },
      "locked": {
        "dir": "pkg",
        "lastModified": 40,
        "narHash": "sha256-REMOTE",
        "owner": "example",
        "repo": "remote",
        "rev": "4444444444444444444444444444444444444444",
        "type": "github"
      },
      "original": {
        "dir": "pkg",
        "owner": "example",
        "ref": "v1",
        "repo": "remote",
        "type": "github"
      }
    },
    "root": {
      "inputs": {
        "alias": [
          "local"
        ],
        "local": "local",
        "nested": [
          "remote",
          "inner"
        ],
        "remote": "remote"
      }
    }
  },
  "root": "root",
  "version": 7
}
